<Solution>
  <Folder Name="/Services/" />
  <Folder Name="/Services/ParishCoordination/">
    <Project Path="Services/ParishCoordination/ParishCoordination.Api/ParishCoordination.Api.csproj" />
    <Project Path="Services/ParishCoordination/ParishCoordination.Application/ParishCoordination.Application.csproj" />
    <Project Path="Services/ParishCoordination/ParishCoordination.Domain/ParishCoordination.Domain.csproj" />
    <Project Path="Services/ParishCoordination/ParishCoordination.Infrastructure/ParishCoordination.Infrastructure.csproj" />
  </Folder>
  <Folder Name="/Services/Identity/">
    <Project Path="Services/Identity/Identity.Api/Identity.Api.csproj" />
    <Project Path="Services/Identity/Identity.Application/Identity.Application.csproj" />
    <Project Path="Services/Identity/Identity.Contracts/Identity.Contracts.csproj" />
    <Project Path="Services/Identity/Identity.Domain/Identity.Domain.csproj" />
    <Project Path="Services/Identity/Identity.Infrastructure/Identity.Infrastructure.csproj" />
  </Folder>
  <Folder Name="/tests/">
    <Project Path="tests/Identity.UnitTests/Identity.UnitTests.csproj" />
  </Folder>
</Solution>
